
Microsoft Visual Studio Solution File, Format Version 12.00
# Visual Studio Version 17
VisualStudioVersion = 17.11.35312.102
MinimumVisualStudioVersion = 10.0.40219.1
Project("{9A19103F-16F7-4668-BE54-9A1E7A4F7556}") = "StockAppWithXUnit", "StockAppWithXUnit\StockAppWithXUnit.csproj", "{A9A25978-A412-40B2-8031-BFE6802E3372}"
EndProject
Project("{9A19103F-16F7-4668-BE54-9A1E7A4F7556}") = "Services", "Services\Services.csproj", "{215D7558-EC9E-421A-832F-B38FD8147DF4}"
EndProject
Project("{9A19103F-16F7-4668-BE54-9A1E7A4F7556}") = "ServiceContracts", "ServiceContracts\ServiceContracts.csproj", "{60A60DA4-7143-4A2D-A440-6A6A5B376252}"
EndProject
Project("{9A19103F-16F7-4668-BE54-9A1E7A4F7556}") = "Entities", "Entities\Entities.csproj", "{78D1D719-E155-441B-8D97-FE5B5DE1C0DF}"
EndProject
Project("{FAE04EC0-301F-11D3-BF4B-00C04F79EFBC}") = "Tests", "Tests\Tests.csproj", "{226045B2-492E-4606-8B41-E1BAE3986834}"
EndProject
Global
	GlobalSection(SolutionConfigurationPlatforms) = preSolution
		Debug|Any CPU = Debug|Any CPU
		Release|Any CPU = Release|Any CPU
	EndGlobalSection
	GlobalSection(ProjectConfigurationPlatforms) = postSolution
		{A9A25978-A412-40B2-8031-BFE6802E3372}.Debug|Any CPU.ActiveCfg = Debug|Any CPU
		{A9A25978-A412-40B2-8031-BFE6802E3372}.Debug|Any CPU.Build.0 = Debug|Any CPU
		{A9A25978-A412-40B2-8031-BFE6802E3372}.Release|Any CPU.ActiveCfg = Release|Any CPU
		{A9A25978-A412-40B2-8031-BFE6802E3372}.Release|Any CPU.Build.0 = Release|Any CPU
		{215D7558-EC9E-421A-832F-B38FD8147DF4}.Debug|Any CPU.ActiveCfg = Debug|Any CPU
		{215D7558-EC9E-421A-832F-B38FD8147DF4}.Debug|Any CPU.Build.0 = Debug|Any CPU
		{215D7558-EC9E-421A-832F-B38FD8147DF4}.Release|Any CPU.ActiveCfg = Release|Any CPU
		{215D7558-EC9E-421A-832F-B38FD8147DF4}.Release|Any CPU.Build.0 = Release|Any CPU
		{60A60DA4-7143-4A2D-A440-6A6A5B376252}.Debug|Any CPU.ActiveCfg = Debug|Any CPU
		{60A60DA4-7143-4A2D-A440-6A6A5B376252}.Debug|Any CPU.Build.0 = Debug|Any CPU
		{60A60DA4-7143-4A2D-A440-6A6A5B376252}.Release|Any CPU.ActiveCfg = Release|Any CPU
		{60A60DA4-7143-4A2D-A440-6A6A5B376252}.Release|Any CPU.Build.0 = Release|Any CPU
		{78D1D719-E155-441B-8D97-FE5B5DE1C0DF}.Debug|Any CPU.ActiveCfg = Debug|Any CPU
		{78D1D719-E155-441B-8D97-FE5B5DE1C0DF}.Debug|Any CPU.Build.0 = Debug|Any CPU
		{78D1D719-E155-441B-8D97-FE5B5DE1C0DF}.Release|Any CPU.ActiveCfg = Release|Any CPU
		{78D1D719-E155-441B-8D97-FE5B5DE1C0DF}.Release|Any CPU.Build.0 = Release|Any CPU
		{226045B2-492E-4606-8B41-E1BAE3986834}.Debug|Any CPU.ActiveCfg = Debug|Any CPU
		{226045B2-492E-4606-8B41-E1BAE3986834}.Debug|Any CPU.Build.0 = Debug|Any CPU
		{226045B2-492E-4606-8B41-E1BAE3986834}.Release|Any CPU.ActiveCfg = Release|Any CPU
		{226045B2-492E-4606-8B41-E1BAE3986834}.Release|Any CPU.Build.0 = Release|Any CPU
	EndGlobalSection
	GlobalSection(SolutionProperties) = preSolution
		HideSolutionNode = FALSE
	EndGlobalSection
	GlobalSection(ExtensibilityGlobals) = postSolution
		SolutionGuid = {320A0635-683D-4AC0-94E9-43E155EECAB9}
	EndGlobalSection
EndGlobal
